
Microsoft Visual Studio Solution File, Format Version 12.00
Project("{FAE04EC0-301F-11D3-BF4B-00C04F79EFBC}") = "SGE.API", "SGE.API\SGE.API.csproj", "{D2C3A3CE-271E-4D31-BA65-7AB2585C0DD0}"
EndProject
Project("{FAE04EC0-301F-11D3-BF4B-00C04F79EFBC}") = "SGE.Core", "SGE.Core\SGE.Core.csproj", "{08AA14EE-6431-4CAB-B85D-A3E6F91B2028}"
EndProject
Project("{FAE04EC0-301F-11D3-BF4B-00C04F79EFBC}") = "SGE.Infrastructure", "SGE.Infrastructure\SGE.Infrastructure.csproj", "{501D783C-FC2D-45CA-85C1-F5CD3B5C0604}"
EndProject
Project("{FAE04EC0-301F-11D3-BF4B-00C04F79EFBC}") = "SGE.Application", "SGE.Application\SGE.Application.csproj", "{59B75BB4-601C-4D26-8176-EE7E7D705428}"
EndProject
Project("{2150E333-8FDC-42A3-9474-1A3956D46DE8}") = "Solution Items", "Solution Items", "{0E205A2E-B8C1-4A84-A804-EC77F7A82B93}"
	ProjectSection(SolutionItems) = preProject
		compose.yaml = compose.yaml
	EndProjectSection
EndProject
Global
	GlobalSection(SolutionConfigurationPlatforms) = preSolution
		Debug|Any CPU = Debug|Any CPU
		Release|Any CPU = Release|Any CPU
	EndGlobalSection
	GlobalSection(ProjectConfigurationPlatforms) = postSolution
		{D2C3A3CE-271E-4D31-BA65-7AB2585C0DD0}.Debug|Any CPU.ActiveCfg = Debug|Any CPU
		{D2C3A3CE-271E-4D31-BA65-7AB2585C0DD0}.Debug|Any CPU.Build.0 = Debug|Any CPU
		{D2C3A3CE-271E-4D31-BA65-7AB2585C0DD0}.Release|Any CPU.ActiveCfg = Release|Any CPU
		{D2C3A3CE-271E-4D31-BA65-7AB2585C0DD0}.Release|Any CPU.Build.0 = Release|Any CPU
		{08AA14EE-6431-4CAB-B85D-A3E6F91B2028}.Debug|Any CPU.ActiveCfg = Debug|Any CPU
		{08AA14EE-6431-4CAB-B85D-A3E6F91B2028}.Debug|Any CPU.Build.0 = Debug|Any CPU
		{08AA14EE-6431-4CAB-B85D-A3E6F91B2028}.Release|Any CPU.ActiveCfg = Release|Any CPU
		{08AA14EE-6431-4CAB-B85D-A3E6F91B2028}.Release|Any CPU.Build.0 = Release|Any CPU
		{501D783C-FC2D-45CA-85C1-F5CD3B5C0604}.Debug|Any CPU.ActiveCfg = Debug|Any CPU
		{501D783C-FC2D-45CA-85C1-F5CD3B5C0604}.Debug|Any CPU.Build.0 = Debug|Any CPU
		{501D783C-FC2D-45CA-85C1-F5CD3B5C0604}.Release|Any CPU.ActiveCfg = Release|Any CPU
		{501D783C-FC2D-45CA-85C1-F5CD3B5C0604}.Release|Any CPU.Build.0 = Release|Any CPU
		{59B75BB4-601C-4D26-8176-EE7E7D705428}.Debug|Any CPU.ActiveCfg = Debug|Any CPU
		{59B75BB4-601C-4D26-8176-EE7E7D705428}.Debug|Any CPU.Build.0 = Debug|Any CPU
		{59B75BB4-601C-4D26-8176-EE7E7D705428}.Release|Any CPU.ActiveCfg = Release|Any CPU
		{59B75BB4-601C-4D26-8176-EE7E7D705428}.Release|Any CPU.Build.0 = Release|Any CPU
	EndGlobalSection
EndGlobal
